
Microsoft Visual Studio Solution File, Format Version 12.00
# Visual Studio 15
VisualStudioVersion = 15.0.28307.136
MinimumVisualStudioVersion = 10.0.40219.1
Project("{FAE04EC0-301F-11D3-BF4B-00C04F79EFBC}") = "DashyDashboard.Server", "DashyDashboard.Server\DashyDashboard.Server.csproj", "{312B3B7D-80F9-4136-AD3A-C383F4320312}"
EndProject
Project("{FAE04EC0-301F-11D3-BF4B-00C04F79EFBC}") = "DashyDashboard.Client", "DashyDashboard.Client\DashyDashboard.Client.csproj", "{49486BBE-445F-4C88-A21E-940F869A86F3}"
EndProject
Project("{FAE04EC0-301F-11D3-BF4B-00C04F79EFBC}") = "DashyDashboard.Shared", "DashyDashboard.Shared\DashyDashboard.Shared.csproj", "{202CE90E-EDB1-4D64-994D-B0D1861C38E9}"
EndProject
Global
	GlobalSection(SolutionConfigurationPlatforms) = preSolution
		Debug|Any CPU = Debug|Any CPU
		Release|Any CPU = Release|Any CPU
	EndGlobalSection
	GlobalSection(ProjectConfigurationPlatforms) = postSolution
		{312B3B7D-80F9-4136-AD3A-C383F4320312}.Debug|Any CPU.ActiveCfg = Debug|Any CPU
		{312B3B7D-80F9-4136-AD3A-C383F4320312}.Debug|Any CPU.Build.0 = Debug|Any CPU
		{312B3B7D-80F9-4136-AD3A-C383F4320312}.Release|Any CPU.ActiveCfg = Release|Any CPU
		{312B3B7D-80F9-4136-AD3A-C383F4320312}.Release|Any CPU.Build.0 = Release|Any CPU
		{49486BBE-445F-4C88-A21E-940F869A86F3}.Debug|Any CPU.ActiveCfg = Debug|Any CPU
		{49486BBE-445F-4C88-A21E-940F869A86F3}.Debug|Any CPU.Build.0 = Debug|Any CPU
		{49486BBE-445F-4C88-A21E-940F869A86F3}.Release|Any CPU.ActiveCfg = Release|Any CPU
		{49486BBE-445F-4C88-A21E-940F869A86F3}.Release|Any CPU.Build.0 = Release|Any CPU
		{202CE90E-EDB1-4D64-994D-B0D1861C38E9}.Debug|Any CPU.ActiveCfg = Debug|Any CPU
		{202CE90E-EDB1-4D64-994D-B0D1861C38E9}.Debug|Any CPU.Build.0 = Debug|Any CPU
		{202CE90E-EDB1-4D64-994D-B0D1861C38E9}.Release|Any CPU.ActiveCfg = Release|Any CPU
		{202CE90E-EDB1-4D64-994D-B0D1861C38E9}.Release|Any CPU.Build.0 = Release|Any CPU
	EndGlobalSection
	GlobalSection(SolutionProperties) = preSolution
		HideSolutionNode = FALSE
	EndGlobalSection
	GlobalSection(ExtensibilityGlobals) = postSolution
		SolutionGuid = {12C35275-5327-4327-A20C-3CD87BC639C9}
	EndGlobalSection
EndGlobal
